
Microsoft Visual Studio Solution File, Format Version 12.00
# Visual Studio Version 16
VisualStudioVersion = 16.0.30717.126
MinimumVisualStudioVersion = 10.0.40219.1
Project("{FAE04EC0-301F-11D3-BF4B-00C04F79EFBC}") = "practice-Average", "practice\practice-Average.csproj", "{BF72A4BB-9378-4A21-9346-EFAE29604879}"
EndProject
Project("{FAE04EC0-301F-11D3-BF4B-00C04F79EFBC}") = "count_string", "count_string\count_string.csproj", "{C5DE7151-C5BF-46E1-B152-E77891BF1A18}"
EndProject
Project("{FAE04EC0-301F-11D3-BF4B-00C04F79EFBC}") = "count_string_function", "count_string_function\count_string_function.csproj", "{21977E06-A85E-4A5A-A940-660AED63340E}"
EndProject
Project("{FAE04EC0-301F-11D3-BF4B-00C04F79EFBC}") = "integer_range", "integer_range\integer_range.csproj", "{E448A1D2-7DBF-44E0-BAF4-94526F42A999}"
EndProject
Global
	GlobalSection(SolutionConfigurationPlatforms) = preSolution
		Debug|Any CPU = Debug|Any CPU
		Release|Any CPU = Release|Any CPU
	EndGlobalSection
	GlobalSection(ProjectConfigurationPlatforms) = postSolution
		{BF72A4BB-9378-4A21-9346-EFAE29604879}.Debug|Any CPU.ActiveCfg = Debug|Any CPU
		{BF72A4BB-9378-4A21-9346-EFAE29604879}.Debug|Any CPU.Build.0 = Debug|Any CPU
		{BF72A4BB-9378-4A21-9346-EFAE29604879}.Release|Any CPU.ActiveCfg = Release|Any CPU
		{BF72A4BB-9378-4A21-9346-EFAE29604879}.Release|Any CPU.Build.0 = Release|Any CPU
		{C5DE7151-C5BF-46E1-B152-E77891BF1A18}.Debug|Any CPU.ActiveCfg = Debug|Any CPU
		{C5DE7151-C5BF-46E1-B152-E77891BF1A18}.Debug|Any CPU.Build.0 = Debug|Any CPU
		{C5DE7151-C5BF-46E1-B152-E77891BF1A18}.Release|Any CPU.ActiveCfg = Release|Any CPU
		{C5DE7151-C5BF-46E1-B152-E77891BF1A18}.Release|Any CPU.Build.0 = Release|Any CPU
		{21977E06-A85E-4A5A-A940-660AED63340E}.Debug|Any CPU.ActiveCfg = Debug|Any CPU
		{21977E06-A85E-4A5A-A940-660AED63340E}.Debug|Any CPU.Build.0 = Debug|Any CPU
		{21977E06-A85E-4A5A-A940-660AED63340E}.Release|Any CPU.ActiveCfg = Release|Any CPU
		{21977E06-A85E-4A5A-A940-660AED63340E}.Release|Any CPU.Build.0 = Release|Any CPU
		{E448A1D2-7DBF-44E0-BAF4-94526F42A999}.Debug|Any CPU.ActiveCfg = Debug|Any CPU
		{E448A1D2-7DBF-44E0-BAF4-94526F42A999}.Debug|Any CPU.Build.0 = Debug|Any CPU
		{E448A1D2-7DBF-44E0-BAF4-94526F42A999}.Release|Any CPU.ActiveCfg = Release|Any CPU
		{E448A1D2-7DBF-44E0-BAF4-94526F42A999}.Release|Any CPU.Build.0 = Release|Any CPU
	EndGlobalSection
	GlobalSection(SolutionProperties) = preSolution
		HideSolutionNode = FALSE
	EndGlobalSection
	GlobalSection(ExtensibilityGlobals) = postSolution
		SolutionGuid = {CA9C05EE-699B-4598-A083-679FECF47FA0}
	EndGlobalSection
EndGlobal
