
Microsoft Visual Studio Solution File, Format Version 12.00
# Visual Studio Version 16
VisualStudioVersion = 16.0.30717.126
MinimumVisualStudioVersion = 10.0.40219.1
Project("{9A19103F-16F7-4668-BE54-9A1E7A4F7556}") = "001_LinearList", "001_線性表\001_LinearList.csproj", "{2488BDC4-219C-411A-8200-143DF6A91991}"
EndProject
Project("{9A19103F-16F7-4668-BE54-9A1E7A4F7556}") = "002_stack", "002_棧\002_stack.csproj", "{12840FCD-7E8F-406A-99FF-859082678898}"
EndProject
Project("{9A19103F-16F7-4668-BE54-9A1E7A4F7556}") = "003_queue", "003_隊列\003_queue.csproj", "{1AD81651-09B6-47E0-9164-8C61B941495E}"
EndProject
Global
	GlobalSection(SolutionConfigurationPlatforms) = preSolution
		Debug|Any CPU = Debug|Any CPU
		Release|Any CPU = Release|Any CPU
	EndGlobalSection
	GlobalSection(ProjectConfigurationPlatforms) = postSolution
		{2488BDC4-219C-411A-8200-143DF6A91991}.Debug|Any CPU.ActiveCfg = Debug|Any CPU
		{2488BDC4-219C-411A-8200-143DF6A91991}.Debug|Any CPU.Build.0 = Debug|Any CPU
		{2488BDC4-219C-411A-8200-143DF6A91991}.Release|Any CPU.ActiveCfg = Release|Any CPU
		{2488BDC4-219C-411A-8200-143DF6A91991}.Release|Any CPU.Build.0 = Release|Any CPU
		{12840FCD-7E8F-406A-99FF-859082678898}.Debug|Any CPU.ActiveCfg = Debug|Any CPU
		{12840FCD-7E8F-406A-99FF-859082678898}.Debug|Any CPU.Build.0 = Debug|Any CPU
		{12840FCD-7E8F-406A-99FF-859082678898}.Release|Any CPU.ActiveCfg = Release|Any CPU
		{12840FCD-7E8F-406A-99FF-859082678898}.Release|Any CPU.Build.0 = Release|Any CPU
		{1AD81651-09B6-47E0-9164-8C61B941495E}.Debug|Any CPU.ActiveCfg = Debug|Any CPU
		{1AD81651-09B6-47E0-9164-8C61B941495E}.Debug|Any CPU.Build.0 = Debug|Any CPU
		{1AD81651-09B6-47E0-9164-8C61B941495E}.Release|Any CPU.ActiveCfg = Release|Any CPU
		{1AD81651-09B6-47E0-9164-8C61B941495E}.Release|Any CPU.Build.0 = Release|Any CPU
	EndGlobalSection
	GlobalSection(SolutionProperties) = preSolution
		HideSolutionNode = FALSE
	EndGlobalSection
	GlobalSection(ExtensibilityGlobals) = postSolution
		SolutionGuid = {6C0BAACA-9C0E-4266-8D49-59EC3C56F5E8}
	EndGlobalSection
EndGlobal
